
Microsoft Visual Studio Solution File, Format Version 12.00
# Visual Studio Version 16
VisualStudioVersion = 16.0.29503.13
MinimumVisualStudioVersion = 10.0.40219.1
Project("{FAE04EC0-301F-11D3-BF4B-00C04F79EFBC}") = "HappyCommunity", "HappyCommunity\HappyCommunity.csproj", "{238572C9-0FB9-4E2A-A512-F56984FABA28}"
EndProject
Global
	GlobalSection(SolutionConfigurationPlatforms) = preSolution
		Debug|Any CPU = Debug|Any CPU
		Release|Any CPU = Release|Any CPU
	EndGlobalSection
	GlobalSection(ProjectConfigurationPlatforms) = postSolution
		{238572C9-0FB9-4E2A-A512-F56984FABA28}.Debug|Any CPU.ActiveCfg = Debug|Any CPU
		{238572C9-0FB9-4E2A-A512-F56984FABA28}.Debug|Any CPU.Build.0 = Debug|Any CPU
		{238572C9-0FB9-4E2A-A512-F56984FABA28}.Release|Any CPU.ActiveCfg = Release|Any CPU
		{238572C9-0FB9-4E2A-A512-F56984FABA28}.Release|Any CPU.Build.0 = Release|Any CPU
	EndGlobalSection
	GlobalSection(SolutionProperties) = preSolution
		HideSolutionNode = FALSE
	EndGlobalSection
	GlobalSection(ExtensibilityGlobals) = postSolution
		SolutionGuid = {97E4B6FC-0FD9-479E-A312-8983E6B902CD}
	EndGlobalSection
EndGlobal
